
Microsoft Visual Studio Solution File, Format Version 12.00
# Visual Studio Version 17
VisualStudioVersion = 17.14.37203.1
MinimumVisualStudioVersion = 10.0.40219.1
Project("{FAE04EC0-301F-11D3-BF4B-00C04F79EFBC}") = "nexusos-api", "nexusos-api\nexusos-api.csproj", "{1A7C265F-E5DF-4A66-95F9-F573B54EC20D}"
EndProject
Project("{FAE04EC0-301F-11D3-BF4B-00C04F79EFBC}") = "nexusos-business", "nexusos-business\nexusos-business.csproj", "{315DB427-1907-4B90-978D-FCAF20B1372E}"
EndProject
Project("{FAE04EC0-301F-11D3-BF4B-00C04F79EFBC}") = "nexusos-models", "nexusos-models\nexusos-models.csproj", "{47BD0573-7269-4589-A11B-FEEA199AC952}"
EndProject
Project("{FAE04EC0-301F-11D3-BF4B-00C04F79EFBC}") = "nexusos-data", "nexusos-data\nexusos-data.csproj", "{6A3DCE76-078D-4277-9171-5A2A3AC456D6}"
EndProject
Global
	GlobalSection(SolutionConfigurationPlatforms) = preSolution
		Debug|Any CPU = Debug|Any CPU
		Release|Any CPU = Release|Any CPU
	EndGlobalSection
	GlobalSection(ProjectConfigurationPlatforms) = postSolution
		{1A7C265F-E5DF-4A66-95F9-F573B54EC20D}.Debug|Any CPU.ActiveCfg = Debug|Any CPU
		{1A7C265F-E5DF-4A66-95F9-F573B54EC20D}.Debug|Any CPU.Build.0 = Debug|Any CPU
		{1A7C265F-E5DF-4A66-95F9-F573B54EC20D}.Release|Any CPU.ActiveCfg = Release|Any CPU
		{1A7C265F-E5DF-4A66-95F9-F573B54EC20D}.Release|Any CPU.Build.0 = Release|Any CPU
		{315DB427-1907-4B90-978D-FCAF20B1372E}.Debug|Any CPU.ActiveCfg = Debug|Any CPU
		{315DB427-1907-4B90-978D-FCAF20B1372E}.Debug|Any CPU.Build.0 = Debug|Any CPU
		{315DB427-1907-4B90-978D-FCAF20B1372E}.Release|Any CPU.ActiveCfg = Release|Any CPU
		{315DB427-1907-4B90-978D-FCAF20B1372E}.Release|Any CPU.Build.0 = Release|Any CPU
		{47BD0573-7269-4589-A11B-FEEA199AC952}.Debug|Any CPU.ActiveCfg = Debug|Any CPU
		{47BD0573-7269-4589-A11B-FEEA199AC952}.Debug|Any CPU.Build.0 = Debug|Any CPU
		{47BD0573-7269-4589-A11B-FEEA199AC952}.Release|Any CPU.ActiveCfg = Release|Any CPU
		{47BD0573-7269-4589-A11B-FEEA199AC952}.Release|Any CPU.Build.0 = Release|Any CPU
		{6A3DCE76-078D-4277-9171-5A2A3AC456D6}.Debug|Any CPU.ActiveCfg = Debug|Any CPU
		{6A3DCE76-078D-4277-9171-5A2A3AC456D6}.Debug|Any CPU.Build.0 = Debug|Any CPU
		{6A3DCE76-078D-4277-9171-5A2A3AC456D6}.Release|Any CPU.ActiveCfg = Release|Any CPU
		{6A3DCE76-078D-4277-9171-5A2A3AC456D6}.Release|Any CPU.Build.0 = Release|Any CPU
	EndGlobalSection
	GlobalSection(SolutionProperties) = preSolution
		HideSolutionNode = FALSE
	EndGlobalSection
	GlobalSection(ExtensibilityGlobals) = postSolution
		SolutionGuid = {DFF339CD-1CDB-4C96-8D9A-DDDAEABAD2D4}
	EndGlobalSection
EndGlobal
